
Microsoft Visual Studio Solution File, Format Version 12.00
# Visual Studio 15
VisualStudioVersion = 15.0.27004.2010
MinimumVisualStudioVersion = 10.0.40219.1
Project("{9A19103F-16F7-4668-BE54-9A1E7A4F7556}") = "Saga.Api.Transactions", "Saga.Api.Transactions\Saga.Api.Transactions.csproj", "{F3547586-4412-4D3B-AC03-3D0C997546E7}"
EndProject
Project("{9A19103F-16F7-4668-BE54-9A1E7A4F7556}") = "Saga.Common", "Saga.Common\Saga.Common.csproj", "{0714960E-E0A7-462D-8488-4311EBA2DC62}"
EndProject
Project("{9A19103F-16F7-4668-BE54-9A1E7A4F7556}") = "Saga.Transaction", "Saga.FileOperation.Transactions\Saga.Transaction.csproj", "{7C419AE4-DD65-451C-99BE-1E71038A4104}"
EndProject
Project("{2150E333-8FDC-42A3-9474-1A3956D46DE8}") = "UnitTests", "UnitTests", "{FECD1099-5AD4-4CD1-88F2-D694966DB85C}"
	ProjectSection(SolutionItems) = preProject
		UnitTest\TestFile.csv = UnitTest\TestFile.csv
	EndProjectSection
EndProject
Project("{9A19103F-16F7-4668-BE54-9A1E7A4F7556}") = "Saga.UnitTest.Common", "UnitTest\Saga.UnitTest.Common\Saga.UnitTest.Common.csproj", "{CCCA6C19-6F2C-4CB7-9E31-A813927B844D}"
EndProject
Project("{9A19103F-16F7-4668-BE54-9A1E7A4F7556}") = "Saga.UnitTest.Transaction", "UnitTest\Saga.UnitTest.Transaction\Saga.UnitTest.Transaction.csproj", "{B23DE23B-D34F-409E-B3B5-2F1CBA88192F}"
EndProject
Project("{9A19103F-16F7-4668-BE54-9A1E7A4F7556}") = "Saga.UnitTest.Api.Transactions", "UnitTest\Saga.UnitTest.Api.Transactions\Saga.UnitTest.Api.Transactions.csproj", "{77EDD9C7-8588-4739-94F7-FC2ED488CD0A}"
EndProject
Global
	GlobalSection(SolutionConfigurationPlatforms) = preSolution
		Debug|Any CPU = Debug|Any CPU
		Release|Any CPU = Release|Any CPU
	EndGlobalSection
	GlobalSection(ProjectConfigurationPlatforms) = postSolution
		{F3547586-4412-4D3B-AC03-3D0C997546E7}.Debug|Any CPU.ActiveCfg = Debug|Any CPU
		{F3547586-4412-4D3B-AC03-3D0C997546E7}.Debug|Any CPU.Build.0 = Debug|Any CPU
		{F3547586-4412-4D3B-AC03-3D0C997546E7}.Release|Any CPU.ActiveCfg = Release|Any CPU
		{F3547586-4412-4D3B-AC03-3D0C997546E7}.Release|Any CPU.Build.0 = Release|Any CPU
		{0714960E-E0A7-462D-8488-4311EBA2DC62}.Debug|Any CPU.ActiveCfg = Debug|Any CPU
		{0714960E-E0A7-462D-8488-4311EBA2DC62}.Debug|Any CPU.Build.0 = Debug|Any CPU
		{0714960E-E0A7-462D-8488-4311EBA2DC62}.Release|Any CPU.ActiveCfg = Release|Any CPU
		{0714960E-E0A7-462D-8488-4311EBA2DC62}.Release|Any CPU.Build.0 = Release|Any CPU
		{7C419AE4-DD65-451C-99BE-1E71038A4104}.Debug|Any CPU.ActiveCfg = Debug|Any CPU
		{7C419AE4-DD65-451C-99BE-1E71038A4104}.Debug|Any CPU.Build.0 = Debug|Any CPU
		{7C419AE4-DD65-451C-99BE-1E71038A4104}.Release|Any CPU.ActiveCfg = Release|Any CPU
		{7C419AE4-DD65-451C-99BE-1E71038A4104}.Release|Any CPU.Build.0 = Release|Any CPU
		{CCCA6C19-6F2C-4CB7-9E31-A813927B844D}.Debug|Any CPU.ActiveCfg = Debug|Any CPU
		{CCCA6C19-6F2C-4CB7-9E31-A813927B844D}.Debug|Any CPU.Build.0 = Debug|Any CPU
		{CCCA6C19-6F2C-4CB7-9E31-A813927B844D}.Release|Any CPU.ActiveCfg = Release|Any CPU
		{CCCA6C19-6F2C-4CB7-9E31-A813927B844D}.Release|Any CPU.Build.0 = Release|Any CPU
		{B23DE23B-D34F-409E-B3B5-2F1CBA88192F}.Debug|Any CPU.ActiveCfg = Debug|Any CPU
		{B23DE23B-D34F-409E-B3B5-2F1CBA88192F}.Debug|Any CPU.Build.0 = Debug|Any CPU
		{B23DE23B-D34F-409E-B3B5-2F1CBA88192F}.Release|Any CPU.ActiveCfg = Release|Any CPU
		{B23DE23B-D34F-409E-B3B5-2F1CBA88192F}.Release|Any CPU.Build.0 = Release|Any CPU
		{77EDD9C7-8588-4739-94F7-FC2ED488CD0A}.Debug|Any CPU.ActiveCfg = Debug|Any CPU
		{77EDD9C7-8588-4739-94F7-FC2ED488CD0A}.Debug|Any CPU.Build.0 = Debug|Any CPU
		{77EDD9C7-8588-4739-94F7-FC2ED488CD0A}.Release|Any CPU.ActiveCfg = Release|Any CPU
		{77EDD9C7-8588-4739-94F7-FC2ED488CD0A}.Release|Any CPU.Build.0 = Release|Any CPU
	EndGlobalSection
	GlobalSection(SolutionProperties) = preSolution
		HideSolutionNode = FALSE
	EndGlobalSection
	GlobalSection(NestedProjects) = preSolution
		{CCCA6C19-6F2C-4CB7-9E31-A813927B844D} = {FECD1099-5AD4-4CD1-88F2-D694966DB85C}
		{B23DE23B-D34F-409E-B3B5-2F1CBA88192F} = {FECD1099-5AD4-4CD1-88F2-D694966DB85C}
		{77EDD9C7-8588-4739-94F7-FC2ED488CD0A} = {FECD1099-5AD4-4CD1-88F2-D694966DB85C}
	EndGlobalSection
	GlobalSection(ExtensibilityGlobals) = postSolution
		SolutionGuid = {C4F94C68-A2FB-4C5E-8AE5-566027580C21}
	EndGlobalSection
EndGlobal
